<?xml version="1.0" encoding="utf-8"?>
<Project ToolsVersion="4.0" xmlns="http://schemas.microsoft.com/developer/msbuild/2003">
  <ItemGroup>
    <ClCompile Include="errors.cpp">
      <Filter>Source</Filter>
    </ClCompile>
    <ClCompile Include="LuaManager.cpp">
      <Filter>Source</Filter>
    </ClCompile>
    <ClCompile Include="LumpManager.cpp">
      <Filter>Source</Filter>
    </ClCompile>
    <ClCompile Include="OpenGLManager.cpp">
      <Filter>Source</Filter>
    </ClCompile>
    <ClCompile Include="Program.cpp">
      <Filter>Source</Filter>
    </ClCompile>
    <ClCompile Include="Shader.cpp">
      <Filter>Source</Filter>
    </ClCompile>
    <ClCompile Include="ShaderManager.cpp">
      <Filter>Source</Filter>
    </ClCompile>
    <ClCompile Include="ShadowlightEngine.cpp">
      <Filter>Source</Filter>
    </ClCompile>
    <ClCompile Include="SoundManager.cpp">
      <Filter>Source</Filter>
    </ClCompile>
    <ClCompile Include="Texture.cpp">
      <Filter>Source</Filter>
    </ClCompile>
    <ClCompile Include="TextureManager.cpp">
      <Filter>Source</Filter>
    </ClCompile>
    <ClCompile Include="AssetArray.cpp">
      <Filter>Source</Filter>
    </ClCompile>
    <ClCompile Include="Lump.cpp">
      <Filter>Source</Filter>
    </ClCompile>
  </ItemGroup>
  <ItemGroup>
    <ClInclude Include="errors.h">
      <Filter>Headers</Filter>
    </ClInclude>
    <ClInclude Include="lua.hpp">
      <Filter>Headers</Filter>
    </ClInclude>
    <ClInclude Include="LuaManager.h">
      <Filter>Headers</Filter>
    </ClInclude>
    <ClInclude Include="LumpManager.h">
      <Filter>Headers</Filter>
    </ClInclude>
    <ClInclude Include="OpenGLManager.h">
      <Filter>Headers</Filter>
    </ClInclude>
    <ClInclude Include="Program.h">
      <Filter>Headers</Filter>
    </ClInclude>
    <ClInclude Include="Shader.h">
      <Filter>Headers</Filter>
    </ClInclude>
    <ClInclude Include="ShaderManager.h">
      <Filter>Headers</Filter>
    </ClInclude>
    <ClInclude Include="ShadowlightEngine.h">
      <Filter>Headers</Filter>
    </ClInclude>
    <ClInclude Include="SoundManager.h">
      <Filter>Headers</Filter>
    </ClInclude>
    <ClInclude Include="stdafx.h">
      <Filter>Headers</Filter>
    </ClInclude>
    <ClInclude Include="Texture.h">
      <Filter>Headers</Filter>
    </ClInclude>
    <ClInclude Include="TextureManager.h">
      <Filter>Headers</Filter>
    </ClInclude>
    <ClInclude Include="Manager.h">
      <Filter>Headers</Filter>
    </ClInclude>
    <ClInclude Include="AssetArray.h">
      <Filter>Headers</Filter>
    </ClInclude>
    <ClInclude Include="JSON.h">
      <Filter>Headers</Filter>
    </ClInclude>
    <ClInclude Include="Lump.h">
      <Filter>Headers</Filter>
    </ClInclude>
  </ItemGroup>
  <ItemGroup>
    <Filter Include="Source">
      <UniqueIdentifier>{21a5a1e6-3566-4202-98e9-0996c2916aad}</UniqueIdentifier>
    </Filter>
    <Filter Include="Headers">
      <UniqueIdentifier>{7e85b121-bb94-46e6-9934-eebf72baa336}</UniqueIdentifier>
    </Filter>
  </ItemGroup>
</Project>